
Microsoft Visual Studio Solution File, Format Version 12.00
# Visual Studio Version 17
VisualStudioVersion = 17.8.34322.80
MinimumVisualStudioVersion = 10.0.40219.1
Project("{FAE04EC0-301F-11D3-BF4B-00C04F79EFBC}") = "FakeDataGenerator", "FakeDataGenerator\FakeDataGenerator.csproj", "{88C7E8DE-CD94-4375-A29D-C66900E9606E}"
EndProject
Global
	GlobalSection(SolutionConfigurationPlatforms) = preSolution
		Debug|Any CPU = Debug|Any CPU
		Release|Any CPU = Release|Any CPU
	EndGlobalSection
	GlobalSection(ProjectConfigurationPlatforms) = postSolution
		{88C7E8DE-CD94-4375-A29D-C66900E9606E}.Debug|Any CPU.ActiveCfg = Debug|Any CPU
		{88C7E8DE-CD94-4375-A29D-C66900E9606E}.Debug|Any CPU.Build.0 = Debug|Any CPU
		{88C7E8DE-CD94-4375-A29D-C66900E9606E}.Release|Any CPU.ActiveCfg = Release|Any CPU
		{88C7E8DE-CD94-4375-A29D-C66900E9606E}.Release|Any CPU.Build.0 = Release|Any CPU
	EndGlobalSection
	GlobalSection(SolutionProperties) = preSolution
		HideSolutionNode = FALSE
	EndGlobalSection
	GlobalSection(ExtensibilityGlobals) = postSolution
		SolutionGuid = {F5FE1DC3-94F2-4F01-9E6F-61FD4BA98207}
	EndGlobalSection
EndGlobal
